// !$*UTF8*$!
{
	archiveVersion = 1;
	classes = {
	};
	objectVersion = 52;
	objects = {

/* Begin PBXBuildFile section */
		2134DA05269FCBC300ED4544 /* EditTodoView.swift in Sources */ = {isa = PBXBuildFile; fileRef = 2134DA04269FCBC300ED4544 /* EditTodoView.swift */; };
		2134DA07269FD13700ED4544 /* EditTodoViewModel.swift in Sources */ = {isa = PBXBuildFile; fileRef = 2134DA06269FD13700ED4544 /* EditTodoViewModel.swift */; };
		213EB5F3269EB05500059680 /* AddTodoView.swift in Sources */ = {isa = PBXBuildFile; fileRef = 213EB5F2269EB05500059680 /* AddTodoView.swift */; };
		213EB5F5269EB6F500059680 /* AddTodoViewModel.swift in Sources */ = {isa = PBXBuildFile; fileRef = 213EB5F4269EB6F500059680 /* AddTodoViewModel.swift */; };
		213EB5FA269EBAEA00059680 /* AddKindView.swift in Sources */ = {isa = PBXBuildFile; fileRef = 213EB5F9269EBAEA00059680 /* AddKindView.swift */; };
		213EB5FC269EBAFD00059680 /* AddKindViewModel.swift in Sources */ = {isa = PBXBuildFile; fileRef = 213EB5FB269EBAFD00059680 /* AddKindViewModel.swift */; };
		213EB600269ED8A900059680 /* CustomColorPicker.swift in Sources */ = {isa = PBXBuildFile; fileRef = 213EB5FF269ED8A900059680 /* CustomColorPicker.swift */; };
		21565E08269B144F00E28748 /* RotationModifier.swift in Sources */ = {isa = PBXBuildFile; fileRef = 21565E07269B144F00E28748 /* RotationModifier.swift */; };
		21615022269DB50F00401572 /* CustomTextField.swift in Sources */ = {isa = PBXBuildFile; fileRef = 21615021269DB50F00401572 /* CustomTextField.swift */; };
		21615024269DB62F00401572 /* CustomButton.swift in Sources */ = {isa = PBXBuildFile; fileRef = 21615023269DB62F00401572 /* CustomButton.swift */; };
		216955A8269AA816007DF171 /* RandomAcessCollection.swift in Sources */ = {isa = PBXBuildFile; fileRef = 216955A7269AA816007DF171 /* RandomAcessCollection.swift */; };
		217BB3BC26A41BEF00FD5D7A /* Animation.swift in Sources */ = {isa = PBXBuildFile; fileRef = 217BB3BB26A41BEF00FD5D7A /* Animation.swift */; };
		21897C9B26A1C023003C12C5 /* StatistViewModel.swift in Sources */ = {isa = PBXBuildFile; fileRef = 21897C9A26A1C023003C12C5 /* StatistViewModel.swift */; };
		218A100F2692B31800579B1E /* FSCalendar in Frameworks */ = {isa = PBXBuildFile; productRef = 218A100E2692B31800579B1E /* FSCalendar */; };
		218A10152692BDE300579B1E /* Gilroy-ExtraBold.otf in Resources */ = {isa = PBXBuildFile; fileRef = 218A10132692BDE200579B1E /* Gilroy-ExtraBold.otf */; };
		218A10162692BDE300579B1E /* Gilroy-Light.otf in Resources */ = {isa = PBXBuildFile; fileRef = 218A10142692BDE200579B1E /* Gilroy-Light.otf */; };
		21A3E9F026A2CCCC002401E5 /* TimeTableItem.swift in Sources */ = {isa = PBXBuildFile; fileRef = 21A3E9EF26A2CCCC002401E5 /* TimeTableItem.swift */; };
		21BE069C269C90AB00C7B06F /* CalendarView.swift in Sources */ = {isa = PBXBuildFile; fileRef = 21BE069B269C90AB00C7B06F /* CalendarView.swift */; };
		21C51E7326A2B58F007EEBCB /* PlannerView.swift in Sources */ = {isa = PBXBuildFile; fileRef = 21C51E7226A2B58F007EEBCB /* PlannerView.swift */; };
		21CC0EA5269D715800584873 /* UIApplication.swift in Sources */ = {isa = PBXBuildFile; fileRef = 21CC0EA4269D715800584873 /* UIApplication.swift */; };
		21CC0EA7269D82F300584873 /* KindPicker.swift in Sources */ = {isa = PBXBuildFile; fileRef = 21CC0EA6269D82F300584873 /* KindPicker.swift */; };
		21D045BC2691F5D90048685A /* StatistApp.swift in Sources */ = {isa = PBXBuildFile; fileRef = 21D045BB2691F5D90048685A /* StatistApp.swift */; };
		21D045C02691F5DC0048685A /* Assets.xcassets in Resources */ = {isa = PBXBuildFile; fileRef = 21D045BF2691F5DC0048685A /* Assets.xcassets */; };
		21D045C32691F5DC0048685A /* Preview Assets.xcassets in Resources */ = {isa = PBXBuildFile; fileRef = 21D045C22691F5DC0048685A /* Preview Assets.xcassets */; };
		21D045D22691F82E0048685A /* HeaderView.swift in Sources */ = {isa = PBXBuildFile; fileRef = 21D045D12691F82E0048685A /* HeaderView.swift */; };
		21D045DA269215F40048685A /* Date.swift in Sources */ = {isa = PBXBuildFile; fileRef = 21D045D9269215F40048685A /* Date.swift */; };
		21D045DE26921BDA0048685A /* CalendarViewModel.swift in Sources */ = {isa = PBXBuildFile; fileRef = 21D045DD26921BDA0048685A /* CalendarViewModel.swift */; };
		21D1F4DD26948A4D00E57727 /* CustomPicker.swift in Sources */ = {isa = PBXBuildFile; fileRef = 21D1F4DC26948A4D00E57727 /* CustomPicker.swift */; };
		21D1F4DF26948AEC00E57727 /* Color.swift in Sources */ = {isa = PBXBuildFile; fileRef = 21D1F4DE26948AEC00E57727 /* Color.swift */; };
		21D1F4E126948C8E00E57727 /* PickerItem.swift in Sources */ = {isa = PBXBuildFile; fileRef = 21D1F4E026948C8E00E57727 /* PickerItem.swift */; };
		21D1F4E42694948600E57727 /* TimeTable.swift in Sources */ = {isa = PBXBuildFile; fileRef = 21D1F4E32694948600E57727 /* TimeTable.swift */; };
		21D1F4E62694949600E57727 /* TimeTableRow.swift in Sources */ = {isa = PBXBuildFile; fileRef = 21D1F4E52694949600E57727 /* TimeTableRow.swift */; };
		21D1F4E82694954700E57727 /* Kind.swift in Sources */ = {isa = PBXBuildFile; fileRef = 21D1F4E72694954700E57727 /* Kind.swift */; };
		21D1F4EF2695A7FB00E57727 /* TodoModel.swift in Sources */ = {isa = PBXBuildFile; fileRef = 21D1F4EE2695A7FB00E57727 /* TodoModel.swift */; };
		21D1F4F12695ACA800E57727 /* TimeTableModel.swift in Sources */ = {isa = PBXBuildFile; fileRef = 21D1F4F02695ACA800E57727 /* TimeTableModel.swift */; };
		21D1F4F32695AD6F00E57727 /* TodoItemView.swift in Sources */ = {isa = PBXBuildFile; fileRef = 21D1F4F22695AD6F00E57727 /* TodoItemView.swift */; };
		21D1F4F52695AEFA00E57727 /* PreviewProvider.swift in Sources */ = {isa = PBXBuildFile; fileRef = 21D1F4F42695AEFA00E57727 /* PreviewProvider.swift */; };
		21D1F4F72695F2D600E57727 /* TimeInterval.swift in Sources */ = {isa = PBXBuildFile; fileRef = 21D1F4F62695F2D600E57727 /* TimeInterval.swift */; };
		21D1F4F92695FF6100E57727 /* TimeTableColumn.swift in Sources */ = {isa = PBXBuildFile; fileRef = 21D1F4F82695FF6100E57727 /* TimeTableColumn.swift */; };
		21D1F4FB2696032800E57727 /* TimeTableHeader.swift in Sources */ = {isa = PBXBuildFile; fileRef = 21D1F4FA2696032800E57727 /* TimeTableHeader.swift */; };
		21D1F5002696203000E57727 /* ProgressModel.swift in Sources */ = {isa = PBXBuildFile; fileRef = 21D1F4FF2696203000E57727 /* ProgressModel.swift */; };
		21D1F5022696236E00E57727 /* ProgressItemView.swift in Sources */ = {isa = PBXBuildFile; fileRef = 21D1F5012696236E00E57727 /* ProgressItemView.swift */; };
		21D1F504269623A200E57727 /* TimetableView.swift in Sources */ = {isa = PBXBuildFile; fileRef = 21D1F503269623A200E57727 /* TimetableView.swift */; };
		21D1F506269623B400E57727 /* ProgressView.swift in Sources */ = {isa = PBXBuildFile; fileRef = 21D1F505269623B400E57727 /* ProgressView.swift */; };
		21D1F508269623C300E57727 /* TodoListView.swift in Sources */ = {isa = PBXBuildFile; fileRef = 21D1F507269623C300E57727 /* TodoListView.swift */; };
		21D1F50D26987FC600E57727 /* PlannerViewModel.swift in Sources */ = {isa = PBXBuildFile; fileRef = 21D1F50C26987FC600E57727 /* PlannerViewModel.swift */; };
		21D1F50F26987FD700E57727 /* TimeTableViewModel.swift in Sources */ = {isa = PBXBuildFile; fileRef = 21D1F50E26987FD700E57727 /* TimeTableViewModel.swift */; };
		21D1F51126987FE500E57727 /* ProgressViewModel.swift in Sources */ = {isa = PBXBuildFile; fileRef = 21D1F51026987FE500E57727 /* ProgressViewModel.swift */; };
		21D1F51326987FF100E57727 /* TodoListViewModel.swift in Sources */ = {isa = PBXBuildFile; fileRef = 21D1F51226987FF100E57727 /* TodoListViewModel.swift */; };
		21D1F5192699B62300E57727 /* UserDataContainer.xcdatamodeld in Sources */ = {isa = PBXBuildFile; fileRef = 21D1F5172699B62300E57727 /* UserDataContainer.xcdatamodeld */; };
		21D1F51B2699E27F00E57727 /* CoreDataManager.swift in Sources */ = {isa = PBXBuildFile; fileRef = 21D1F51A2699E27F00E57727 /* CoreDataManager.swift */; };
/* End PBXBuildFile section */

/* Begin PBXFileReference section */
		2134DA04269FCBC300ED4544 /* EditTodoView.swift */ = {isa = PBXFileReference; lastKnownFileType = sourcecode.swift; path = EditTodoView.swift; sourceTree = "<group>"; };
		2134DA06269FD13700ED4544 /* EditTodoViewModel.swift */ = {isa = PBXFileReference; lastKnownFileType = sourcecode.swift; path = EditTodoViewModel.swift; sourceTree = "<group>"; };
		213EB5F2269EB05500059680 /* AddTodoView.swift */ = {isa = PBXFileReference; lastKnownFileType = sourcecode.swift; path = AddTodoView.swift; sourceTree = "<group>"; };
		213EB5F4269EB6F500059680 /* AddTodoViewModel.swift */ = {isa = PBXFileReference; lastKnownFileType = sourcecode.swift; path = AddTodoViewModel.swift; sourceTree = "<group>"; };
		213EB5F9269EBAEA00059680 /* AddKindView.swift */ = {isa = PBXFileReference; lastKnownFileType = sourcecode.swift; path = AddKindView.swift; sourceTree = "<group>"; };
		213EB5FB269EBAFD00059680 /* AddKindViewModel.swift */ = {isa = PBXFileReference; lastKnownFileType = sourcecode.swift; path = AddKindViewModel.swift; sourceTree = "<group>"; };
		213EB5FF269ED8A900059680 /* CustomColorPicker.swift */ = {isa = PBXFileReference; lastKnownFileType = sourcecode.swift; path = CustomColorPicker.swift; sourceTree = "<group>"; };
		21565E07269B144F00E28748 /* RotationModifier.swift */ = {isa = PBXFileReference; lastKnownFileType = sourcecode.swift; path = RotationModifier.swift; sourceTree = "<group>"; };
		21615021269DB50F00401572 /* CustomTextField.swift */ = {isa = PBXFileReference; lastKnownFileType = sourcecode.swift; path = CustomTextField.swift; sourceTree = "<group>"; };
		21615023269DB62F00401572 /* CustomButton.swift */ = {isa = PBXFileReference; lastKnownFileType = sourcecode.swift; path = CustomButton.swift; sourceTree = "<group>"; };
		216955A7269AA816007DF171 /* RandomAcessCollection.swift */ = {isa = PBXFileReference; lastKnownFileType = sourcecode.swift; path = RandomAcessCollection.swift; sourceTree = "<group>"; };
		217BB3BB26A41BEF00FD5D7A /* Animation.swift */ = {isa = PBXFileReference; lastKnownFileType = sourcecode.swift; path = Animation.swift; sourceTree = "<group>"; };
		21897C9A26A1C023003C12C5 /* StatistViewModel.swift */ = {isa = PBXFileReference; lastKnownFileType = sourcecode.swift; path = StatistViewModel.swift; sourceTree = "<group>"; };
		218A10132692BDE200579B1E /* Gilroy-ExtraBold.otf */ = {isa = PBXFileReference; lastKnownFileType = file; path = "Gilroy-ExtraBold.otf"; sourceTree = "<group>"; };
		218A10142692BDE200579B1E /* Gilroy-Light.otf */ = {isa = PBXFileReference; lastKnownFileType = file; path = "Gilroy-Light.otf"; sourceTree = "<group>"; };
		21A3E9EF26A2CCCC002401E5 /* TimeTableItem.swift */ = {isa = PBXFileReference; lastKnownFileType = sourcecode.swift; path = TimeTableItem.swift; sourceTree = "<group>"; };
		21BE069B269C90AB00C7B06F /* CalendarView.swift */ = {isa = PBXFileReference; lastKnownFileType = sourcecode.swift; path = CalendarView.swift; sourceTree = "<group>"; };
		21C51E7226A2B58F007EEBCB /* PlannerView.swift */ = {isa = PBXFileReference; lastKnownFileType = sourcecode.swift; path = PlannerView.swift; sourceTree = "<group>"; };
		21CC0EA4269D715800584873 /* UIApplication.swift */ = {isa = PBXFileReference; lastKnownFileType = sourcecode.swift; path = UIApplication.swift; sourceTree = "<group>"; };
		21CC0EA6269D82F300584873 /* KindPicker.swift */ = {isa = PBXFileReference; lastKnownFileType = sourcecode.swift; path = KindPicker.swift; sourceTree = "<group>"; };
		21D045B82691F5D90048685A /* Statist.app */ = {isa = PBXFileReference; explicitFileType = wrapper.application; includeInIndex = 0; path = Statist.app; sourceTree = BUILT_PRODUCTS_DIR; };
		21D045BB2691F5D90048685A /* StatistApp.swift */ = {isa = PBXFileReference; lastKnownFileType = sourcecode.swift; path = StatistApp.swift; sourceTree = "<group>"; };
		21D045BF2691F5DC0048685A /* Assets.xcassets */ = {isa = PBXFileReference; lastKnownFileType = folder.assetcatalog; path = Assets.xcassets; sourceTree = "<group>"; };
		21D045C22691F5DC0048685A /* Preview Assets.xcassets */ = {isa = PBXFileReference; lastKnownFileType = folder.assetcatalog; path = "Preview Assets.xcassets"; sourceTree = "<group>"; };
		21D045C42691F5DC0048685A /* Info.plist */ = {isa = PBXFileReference; lastKnownFileType = text.plist.xml; path = Info.plist; sourceTree = "<group>"; };
		21D045D12691F82E0048685A /* HeaderView.swift */ = {isa = PBXFileReference; lastKnownFileType = sourcecode.swift; path = HeaderView.swift; sourceTree = "<group>"; };
		21D045D9269215F40048685A /* Date.swift */ = {isa = PBXFileReference; lastKnownFileType = sourcecode.swift; path = Date.swift; sourceTree = "<group>"; };
		21D045DD26921BDA0048685A /* CalendarViewModel.swift */ = {isa = PBXFileReference; lastKnownFileType = sourcecode.swift; path = CalendarViewModel.swift; sourceTree = "<group>"; };
		21D1F4DC26948A4D00E57727 /* CustomPicker.swift */ = {isa = PBXFileReference; lastKnownFileType = sourcecode.swift; path = CustomPicker.swift; sourceTree = "<group>"; };
		21D1F4DE26948AEC00E57727 /* Color.swift */ = {isa = PBXFileReference; lastKnownFileType = sourcecode.swift; path = Color.swift; sourceTree = "<group>"; };
		21D1F4E026948C8E00E57727 /* PickerItem.swift */ = {isa = PBXFileReference; lastKnownFileType = sourcecode.swift; path = PickerItem.swift; sourceTree = "<group>"; };
		21D1F4E32694948600E57727 /* TimeTable.swift */ = {isa = PBXFileReference; lastKnownFileType = sourcecode.swift; path = TimeTable.swift; sourceTree = "<group>"; };
		21D1F4E52694949600E57727 /* TimeTableRow.swift */ = {isa = PBXFileReference; lastKnownFileType = sourcecode.swift; path = TimeTableRow.swift; sourceTree = "<group>"; };
		21D1F4E72694954700E57727 /* Kind.swift */ = {isa = PBXFileReference; lastKnownFileType = sourcecode.swift; path = Kind.swift; sourceTree = "<group>"; };
		21D1F4EE2695A7FB00E57727 /* TodoModel.swift */ = {isa = PBXFileReference; lastKnownFileType = sourcecode.swift; path = TodoModel.swift; sourceTree = "<group>"; };
		21D1F4F02695ACA800E57727 /* TimeTableModel.swift */ = {isa = PBXFileReference; lastKnownFileType = sourcecode.swift; path = TimeTableModel.swift; sourceTree = "<group>"; };
		21D1F4F22695AD6F00E57727 /* TodoItemView.swift */ = {isa = PBXFileReference; lastKnownFileType = sourcecode.swift; path = TodoItemView.swift; sourceTree = "<group>"; };
		21D1F4F42695AEFA00E57727 /* PreviewProvider.swift */ = {isa = PBXFileReference; lastKnownFileType = sourcecode.swift; path = PreviewProvider.swift; sourceTree = "<group>"; };
		21D1F4F62695F2D600E57727 /* TimeInterval.swift */ = {isa = PBXFileReference; lastKnownFileType = sourcecode.swift; path = TimeInterval.swift; sourceTree = "<group>"; };
		21D1F4F82695FF6100E57727 /* TimeTableColumn.swift */ = {isa = PBXFileReference; lastKnownFileType = sourcecode.swift; path = TimeTableColumn.swift; sourceTree = "<group>"; };
		21D1F4FA2696032800E57727 /* TimeTableHeader.swift */ = {isa = PBXFileReference; lastKnownFileType = sourcecode.swift; path = TimeTableHeader.swift; sourceTree = "<group>"; };
		21D1F4FF2696203000E57727 /* ProgressModel.swift */ = {isa = PBXFileReference; lastKnownFileType = sourcecode.swift; path = ProgressModel.swift; sourceTree = "<group>"; };
		21D1F5012696236E00E57727 /* ProgressItemView.swift */ = {isa = PBXFileReference; lastKnownFileType = sourcecode.swift; path = ProgressItemView.swift; sourceTree = "<group>"; };
		21D1F503269623A200E57727 /* TimetableView.swift */ = {isa = PBXFileReference; lastKnownFileType = sourcecode.swift; path = TimetableView.swift; sourceTree = "<group>"; };
		21D1F505269623B400E57727 /* ProgressView.swift */ = {isa = PBXFileReference; lastKnownFileType = sourcecode.swift; path = ProgressView.swift; sourceTree = "<group>"; };
		21D1F507269623C300E57727 /* TodoListView.swift */ = {isa = PBXFileReference; lastKnownFileType = sourcecode.swift; path = TodoListView.swift; sourceTree = "<group>"; };
		21D1F50C26987FC600E57727 /* PlannerViewModel.swift */ = {isa = PBXFileReference; lastKnownFileType = sourcecode.swift; path = PlannerViewModel.swift; sourceTree = "<group>"; };
		21D1F50E26987FD700E57727 /* TimeTableViewModel.swift */ = {isa = PBXFileReference; lastKnownFileType = sourcecode.swift; path = TimeTableViewModel.swift; sourceTree = "<group>"; };
		21D1F51026987FE500E57727 /* ProgressViewModel.swift */ = {isa = PBXFileReference; lastKnownFileType = sourcecode.swift; path = ProgressViewModel.swift; sourceTree = "<group>"; };
		21D1F51226987FF100E57727 /* TodoListViewModel.swift */ = {isa = PBXFileReference; lastKnownFileType = sourcecode.swift; path = TodoListViewModel.swift; sourceTree = "<group>"; };
		21D1F5182699B62300E57727 /* UserDataContainer.xcdatamodel */ = {isa = PBXFileReference; lastKnownFileType = wrapper.xcdatamodel; path = UserDataContainer.xcdatamodel; sourceTree = "<group>"; };
		21D1F51A2699E27F00E57727 /* CoreDataManager.swift */ = {isa = PBXFileReference; lastKnownFileType = sourcecode.swift; path = CoreDataManager.swift; sourceTree = "<group>"; };
/* End PBXFileReference section */

/* Begin PBXFrameworksBuildPhase section */
		21D045B52691F5D90048685A /* Frameworks */ = {
			isa = PBXFrameworksBuildPhase;
			buildActionMask = 2147483647;
			files = (
				218A100F2692B31800579B1E /* FSCalendar in Frameworks */,
			);
			runOnlyForDeploymentPostprocessing = 0;
		};
/* End PBXFrameworksBuildPhase section */

/* Begin PBXGroup section */
		213EB5F6269EB74F00059680 /* Sheet */ = {
			isa = PBXGroup;
			children = (
				213EB5F7269EB75C00059680 /* Views */,
				213EB5F8269EB76600059680 /* ViewModels */,
			);
			path = Sheet;
			sourceTree = "<group>";
		};
		213EB5F7269EB75C00059680 /* Views */ = {
			isa = PBXGroup;
			children = (
				213EB5F9269EBAEA00059680 /* AddKindView.swift */,
				213EB5F2269EB05500059680 /* AddTodoView.swift */,
				2134DA04269FCBC300ED4544 /* EditTodoView.swift */,
			);
			path = Views;
			sourceTree = "<group>";
		};
		213EB5F8269EB76600059680 /* ViewModels */ = {
			isa = PBXGroup;
			children = (
				213EB5FB269EBAFD00059680 /* AddKindViewModel.swift */,
				213EB5F4269EB6F500059680 /* AddTodoViewModel.swift */,
				2134DA06269FD13700ED4544 /* EditTodoViewModel.swift */,
			);
			path = ViewModels;
			sourceTree = "<group>";
		};
		218A10122692B9AB00579B1E /* Fonts */ = {
			isa = PBXGroup;
			children = (
				218A10132692BDE200579B1E /* Gilroy-ExtraBold.otf */,
				218A10142692BDE200579B1E /* Gilroy-Light.otf */,
			);
			path = Fonts;
			sourceTree = "<group>";
		};
		21D045AF2691F5D90048685A = {
			isa = PBXGroup;
			children = (
				21D045BA2691F5D90048685A /* Statist */,
				21D045B92691F5D90048685A /* Products */,
			);
			sourceTree = "<group>";
		};
		21D045B92691F5D90048685A /* Products */ = {
			isa = PBXGroup;
			children = (
				21D045B82691F5D90048685A /* Statist.app */,
			);
			name = Products;
			sourceTree = "<group>";
		};
		21D045BA2691F5D90048685A /* Statist */ = {
			isa = PBXGroup;
			children = (
				21D045BB2691F5D90048685A /* StatistApp.swift */,
				218A10122692B9AB00579B1E /* Fonts */,
				21D045CE2691F6440048685A /* Services */,
				21D045CC2691F6190048685A /* Models */,
				21D045CB2691F6130048685A /* Utilities */,
				21D045CA2691F5EB0048685A /* Extensions */,
				21D045CD2691F63B0048685A /* Core */,
				21D045BF2691F5DC0048685A /* Assets.xcassets */,
				21D045C42691F5DC0048685A /* Info.plist */,
				21D045C12691F5DC0048685A /* Preview Content */,
			);
			path = Statist;
			sourceTree = "<group>";
		};
		21D045C12691F5DC0048685A /* Preview Content */ = {
			isa = PBXGroup;
			children = (
				21D045C22691F5DC0048685A /* Preview Assets.xcassets */,
			);
			path = "Preview Content";
			sourceTree = "<group>";
		};
		21D045CA2691F5EB0048685A /* Extensions */ = {
			isa = PBXGroup;
			children = (
				21D045D9269215F40048685A /* Date.swift */,
				21D1F4DE26948AEC00E57727 /* Color.swift */,
				217BB3BB26A41BEF00FD5D7A /* Animation.swift */,
				21D1F4F42695AEFA00E57727 /* PreviewProvider.swift */,
				21D1F4F62695F2D600E57727 /* TimeInterval.swift */,
				216955A7269AA816007DF171 /* RandomAcessCollection.swift */,
				21CC0EA4269D715800584873 /* UIApplication.swift */,
			);
			path = Extensions;
			sourceTree = "<group>";
		};
		21D045CB2691F6130048685A /* Utilities */ = {
			isa = PBXGroup;
			children = (
				21565E07269B144F00E28748 /* RotationModifier.swift */,
			);
			path = Utilities;
			sourceTree = "<group>";
		};
		21D045CC2691F6190048685A /* Models */ = {
			isa = PBXGroup;
			children = (
				21D1F4E72694954700E57727 /* Kind.swift */,
				21D1F4F02695ACA800E57727 /* TimeTableModel.swift */,
				21D1F4EE2695A7FB00E57727 /* TodoModel.swift */,
				21D1F4FF2696203000E57727 /* ProgressModel.swift */,
				21D1F5172699B62300E57727 /* UserDataContainer.xcdatamodeld */,
			);
			path = Models;
			sourceTree = "<group>";
		};
		21D045CD2691F63B0048685A /* Core */ = {
			isa = PBXGroup;
			children = (
				21D1F50926987F7B00E57727 /* Planner */,
				213EB5F6269EB74F00059680 /* Sheet */,
				21D045CF2691F6A10048685A /* Components */,
			);
			path = Core;
			sourceTree = "<group>";
		};
		21D045CE2691F6440048685A /* Services */ = {
			isa = PBXGroup;
			children = (
				21D1F51A2699E27F00E57727 /* CoreDataManager.swift */,
			);
			path = Services;
			sourceTree = "<group>";
		};
		21D045CF2691F6A10048685A /* Components */ = {
			isa = PBXGroup;
			children = (
				21D045DC26921BC10048685A /* View */,
				21D045DB26921BB20048685A /* ViewModels */,
			);
			path = Components;
			sourceTree = "<group>";
		};
		21D045D02691F6C60048685A /* Calendar */ = {
			isa = PBXGroup;
			children = (
				21D045D12691F82E0048685A /* HeaderView.swift */,
				21BE069B269C90AB00C7B06F /* CalendarView.swift */,
			);
			path = Calendar;
			sourceTree = "<group>";
		};
		21D045DB26921BB20048685A /* ViewModels */ = {
			isa = PBXGroup;
			children = (
				21D045DD26921BDA0048685A /* CalendarViewModel.swift */,
			);
			path = ViewModels;
			sourceTree = "<group>";
		};
		21D045DC26921BC10048685A /* View */ = {
			isa = PBXGroup;
			children = (
				21CC0EA6269D82F300584873 /* KindPicker.swift */,
				213EB5FF269ED8A900059680 /* CustomColorPicker.swift */,
				21615023269DB62F00401572 /* CustomButton.swift */,
				21615021269DB50F00401572 /* CustomTextField.swift */,
				21D1F4FC26961F9400E57727 /* Progress */,
				21D1F4E92695558700E57727 /* TodoList */,
				21D1F4E22694946E00E57727 /* TimeTable */,
				21D1F4DA269489FE00E57727 /* Picker */,
				21D045D02691F6C60048685A /* Calendar */,
			);
			path = View;
			sourceTree = "<group>";
		};
		21D1F4DA269489FE00E57727 /* Picker */ = {
			isa = PBXGroup;
			children = (
				21D1F4DC26948A4D00E57727 /* CustomPicker.swift */,
				21D1F4E026948C8E00E57727 /* PickerItem.swift */,
			);
			path = Picker;
			sourceTree = "<group>";
		};
		21D1F4E22694946E00E57727 /* TimeTable */ = {
			isa = PBXGroup;
			children = (
				21D1F4E32694948600E57727 /* TimeTable.swift */,
				21D1F4FA2696032800E57727 /* TimeTableHeader.swift */,
				21D1F4E52694949600E57727 /* TimeTableRow.swift */,
				21A3E9EF26A2CCCC002401E5 /* TimeTableItem.swift */,
				21D1F4F82695FF6100E57727 /* TimeTableColumn.swift */,
			);
			path = TimeTable;
			sourceTree = "<group>";
		};
		21D1F4E92695558700E57727 /* TodoList */ = {
			isa = PBXGroup;
			children = (
				21D1F4F22695AD6F00E57727 /* TodoItemView.swift */,
			);
			path = TodoList;
			sourceTree = "<group>";
		};
		21D1F4FC26961F9400E57727 /* Progress */ = {
			isa = PBXGroup;
			children = (
				21D1F5012696236E00E57727 /* ProgressItemView.swift */,
			);
			path = Progress;
			sourceTree = "<group>";
		};
		21D1F50926987F7B00E57727 /* Planner */ = {
			isa = PBXGroup;
			children = (
				21D1F50A26987F9500E57727 /* Views */,
				21D1F50B26987F9C00E57727 /* ViewModels */,
			);
			path = Planner;
			sourceTree = "<group>";
		};
		21D1F50A26987F9500E57727 /* Views */ = {
			isa = PBXGroup;
			children = (
				21C51E7226A2B58F007EEBCB /* PlannerView.swift */,
				21D1F503269623A200E57727 /* TimetableView.swift */,
				21D1F505269623B400E57727 /* ProgressView.swift */,
				21D1F507269623C300E57727 /* TodoListView.swift */,
			);
			path = Views;
			sourceTree = "<group>";
		};
		21D1F50B26987F9C00E57727 /* ViewModels */ = {
			isa = PBXGroup;
			children = (
				21897C9A26A1C023003C12C5 /* StatistViewModel.swift */,
				21D1F50C26987FC600E57727 /* PlannerViewModel.swift */,
				21D1F50E26987FD700E57727 /* TimeTableViewModel.swift */,
				21D1F51026987FE500E57727 /* ProgressViewModel.swift */,
				21D1F51226987FF100E57727 /* TodoListViewModel.swift */,
			);
			path = ViewModels;
			sourceTree = "<group>";
		};
/* End PBXGroup section */

/* Begin PBXNativeTarget section */
		21D045B72691F5D90048685A /* Statist */ = {
			isa = PBXNativeTarget;
			buildConfigurationList = 21D045C72691F5DC0048685A /* Build configuration list for PBXNativeTarget "Statist" */;
			buildPhases = (
				21D045B42691F5D90048685A /* Sources */,
				21D045B52691F5D90048685A /* Frameworks */,
				21D045B62691F5D90048685A /* Resources */,
			);
			buildRules = (
			);
			dependencies = (
			);
			name = Statist;
			packageProductDependencies = (
				218A100E2692B31800579B1E /* FSCalendar */,
			);
			productName = Statist;
			productReference = 21D045B82691F5D90048685A /* Statist.app */;
			productType = "com.apple.product-type.application";
		};
/* End PBXNativeTarget section */

/* Begin PBXProject section */
		21D045B02691F5D90048685A /* Project object */ = {
			isa = PBXProject;
			attributes = {
				LastSwiftUpdateCheck = 1250;
				LastUpgradeCheck = 1250;
				TargetAttributes = {
					21D045B72691F5D90048685A = {
						CreatedOnToolsVersion = 12.5;
					};
				};
			};
			buildConfigurationList = 21D045B32691F5D90048685A /* Build configuration list for PBXProject "Statist" */;
			compatibilityVersion = "Xcode 9.3";
			developmentRegion = en;
			hasScannedForEncodings = 0;
			knownRegions = (
				en,
				Base,
			);
			mainGroup = 21D045AF2691F5D90048685A;
			packageReferences = (
				218A100D2692B31700579B1E /* XCRemoteSwiftPackageReference "FSCalendar" */,
			);
			productRefGroup = 21D045B92691F5D90048685A /* Products */;
			projectDirPath = "";
			projectRoot = "";
			targets = (
				21D045B72691F5D90048685A /* Statist */,
			);
		};
/* End PBXProject section */

/* Begin PBXResourcesBuildPhase section */
		21D045B62691F5D90048685A /* Resources */ = {
			isa = PBXResourcesBuildPhase;
			buildActionMask = 2147483647;
			files = (
				21D045C32691F5DC0048685A /* Preview Assets.xcassets in Resources */,
				21D045C02691F5DC0048685A /* Assets.xcassets in Resources */,
				218A10162692BDE300579B1E /* Gilroy-Light.otf in Resources */,
				218A10152692BDE300579B1E /* Gilroy-ExtraBold.otf in Resources */,
			);
			runOnlyForDeploymentPostprocessing = 0;
		};
/* End PBXResourcesBuildPhase section */

/* Begin PBXSourcesBuildPhase section */
		21D045B42691F5D90048685A /* Sources */ = {
			isa = PBXSourcesBuildPhase;
			buildActionMask = 2147483647;
			files = (
				21CC0EA5269D715800584873 /* UIApplication.swift in Sources */,
				21565E08269B144F00E28748 /* RotationModifier.swift in Sources */,
				213EB5F3269EB05500059680 /* AddTodoView.swift in Sources */,
				21D1F51326987FF100E57727 /* TodoListViewModel.swift in Sources */,
				217BB3BC26A41BEF00FD5D7A /* Animation.swift in Sources */,
				21D1F4DD26948A4D00E57727 /* CustomPicker.swift in Sources */,
				21615022269DB50F00401572 /* CustomTextField.swift in Sources */,
				21D1F4F72695F2D600E57727 /* TimeInterval.swift in Sources */,
				21D1F51126987FE500E57727 /* ProgressViewModel.swift in Sources */,
				21BE069C269C90AB00C7B06F /* CalendarView.swift in Sources */,
				21D1F4E62694949600E57727 /* TimeTableRow.swift in Sources */,
				2134DA07269FD13700ED4544 /* EditTodoViewModel.swift in Sources */,
				216955A8269AA816007DF171 /* RandomAcessCollection.swift in Sources */,
				21CC0EA7269D82F300584873 /* KindPicker.swift in Sources */,
				21D1F4DF26948AEC00E57727 /* Color.swift in Sources */,
				213EB5FA269EBAEA00059680 /* AddKindView.swift in Sources */,
				21D1F508269623C300E57727 /* TodoListView.swift in Sources */,
				21D045DA269215F40048685A /* Date.swift in Sources */,
				21D1F4F32695AD6F00E57727 /* TodoItemView.swift in Sources */,
				21D1F4E126948C8E00E57727 /* PickerItem.swift in Sources */,
				21D1F50D26987FC600E57727 /* PlannerViewModel.swift in Sources */,
				21615024269DB62F00401572 /* CustomButton.swift in Sources */,
				21D1F4F12695ACA800E57727 /* TimeTableModel.swift in Sources */,
				2134DA05269FCBC300ED4544 /* EditTodoView.swift in Sources */,
				21C51E7326A2B58F007EEBCB /* PlannerView.swift in Sources */,
				21D1F50F26987FD700E57727 /* TimeTableViewModel.swift in Sources */,
				21D1F4EF2695A7FB00E57727 /* TodoModel.swift in Sources */,
				21D1F51B2699E27F00E57727 /* CoreDataManager.swift in Sources */,
				21D045D22691F82E0048685A /* HeaderView.swift in Sources */,
				21D1F5002696203000E57727 /* ProgressModel.swift in Sources */,
				21D045BC2691F5D90048685A /* StatistApp.swift in Sources */,
				21897C9B26A1C023003C12C5 /* StatistViewModel.swift in Sources */,
				21D1F4F52695AEFA00E57727 /* PreviewProvider.swift in Sources */,
				21D1F5022696236E00E57727 /* ProgressItemView.swift in Sources */,
				21A3E9F026A2CCCC002401E5 /* TimeTableItem.swift in Sources */,
				21D1F4E42694948600E57727 /* TimeTable.swift in Sources */,
				21D1F4F92695FF6100E57727 /* TimeTableColumn.swift in Sources */,
				21D1F504269623A200E57727 /* TimetableView.swift in Sources */,
				21D1F5192699B62300E57727 /* UserDataContainer.xcdatamodeld in Sources */,
				213EB5F5269EB6F500059680 /* AddTodoViewModel.swift in Sources */,
				213EB600269ED8A900059680 /* CustomColorPicker.swift in Sources */,
				21D1F4FB2696032800E57727 /* TimeTableHeader.swift in Sources */,
				21D045DE26921BDA0048685A /* CalendarViewModel.swift in Sources */,
				213EB5FC269EBAFD00059680 /* AddKindViewModel.swift in Sources */,
				21D1F4E82694954700E57727 /* Kind.swift in Sources */,
				21D1F506269623B400E57727 /* ProgressView.swift in Sources */,
			);
			runOnlyForDeploymentPostprocessing = 0;
		};
/* End PBXSourcesBuildPhase section */

/* Begin XCBuildConfiguration section */
		21D045C52691F5DC0048685A /* Debug */ = {
			isa = XCBuildConfiguration;
			buildSettings = {
				ALWAYS_SEARCH_USER_PATHS = NO;
				CLANG_ANALYZER_NONNULL = YES;
				CLANG_ANALYZER_NUMBER_OBJECT_CONVERSION = YES_AGGRESSIVE;
				CLANG_CXX_LANGUAGE_STANDARD = "gnu++14";
				CLANG_CXX_LIBRARY = "libc++";
				CLANG_ENABLE_MODULES = YES;
				CLANG_ENABLE_OBJC_ARC = YES;
				CLANG_ENABLE_OBJC_WEAK = YES;
				CLANG_WARN_BLOCK_CAPTURE_AUTORELEASING = YES;
				CLANG_WARN_BOOL_CONVERSION = YES;
				CLANG_WARN_COMMA = YES;
				CLANG_WARN_CONSTANT_CONVERSION = YES;
				CLANG_WARN_DEPRECATED_OBJC_IMPLEMENTATIONS = YES;
				CLANG_WARN_DIRECT_OBJC_ISA_USAGE = YES_ERROR;
				CLANG_WARN_DOCUMENTATION_COMMENTS = YES;
				CLANG_WARN_EMPTY_BODY = YES;
				CLANG_WARN_ENUM_CONVERSION = YES;
				CLANG_WARN_INFINITE_RECURSION = YES;
				CLANG_WARN_INT_CONVERSION = YES;
				CLANG_WARN_NON_LITERAL_NULL_CONVERSION = YES;
				CLANG_WARN_OBJC_IMPLICIT_RETAIN_SELF = YES;
				CLANG_WARN_OBJC_LITERAL_CONVERSION = YES;
				CLANG_WARN_OBJC_ROOT_CLASS = YES_ERROR;
				CLANG_WARN_QUOTED_INCLUDE_IN_FRAMEWORK_HEADER = YES;
				CLANG_WARN_RANGE_LOOP_ANALYSIS = YES;
				CLANG_WARN_STRICT_PROTOTYPES = YES;
				CLANG_WARN_SUSPICIOUS_MOVE = YES;
				CLANG_WARN_UNGUARDED_AVAILABILITY = YES_AGGRESSIVE;
				CLANG_WARN_UNREACHABLE_CODE = YES;
				CLANG_WARN__DUPLICATE_METHOD_MATCH = YES;
				COPY_PHASE_STRIP = NO;
				DEBUG_INFORMATION_FORMAT = dwarf;
				ENABLE_STRICT_OBJC_MSGSEND = YES;
				ENABLE_TESTABILITY = YES;
				GCC_C_LANGUAGE_STANDARD = gnu11;
				GCC_DYNAMIC_NO_PIC = NO;
				GCC_NO_COMMON_BLOCKS = YES;
				GCC_OPTIMIZATION_LEVEL = 0;
				GCC_PREPROCESSOR_DEFINITIONS = (
					"DEBUG=1",
					"$(inherited)",
				);
				GCC_WARN_64_TO_32_BIT_CONVERSION = YES;
				GCC_WARN_ABOUT_RETURN_TYPE = YES_ERROR;
				GCC_WARN_UNDECLARED_SELECTOR = YES;
				GCC_WARN_UNINITIALIZED_AUTOS = YES_AGGRESSIVE;
				GCC_WARN_UNUSED_FUNCTION = YES;
				GCC_WARN_UNUSED_VARIABLE = YES;
				IPHONEOS_DEPLOYMENT_TARGET = 14.1;
				MTL_ENABLE_DEBUG_INFO = INCLUDE_SOURCE;
				MTL_FAST_MATH = YES;
				ONLY_ACTIVE_ARCH = YES;
				SDKROOT = iphoneos;
				SWIFT_ACTIVE_COMPILATION_CONDITIONS = DEBUG;
				SWIFT_OPTIMIZATION_LEVEL = "-Onone";
			};
			name = Debug;
		};
		21D045C62691F5DC0048685A /* Release */ = {
			isa = XCBuildConfiguration;
			buildSettings = {
				ALWAYS_SEARCH_USER_PATHS = NO;
				CLANG_ANALYZER_NONNULL = YES;
				CLANG_ANALYZER_NUMBER_OBJECT_CONVERSION = YES_AGGRESSIVE;
				CLANG_CXX_LANGUAGE_STANDARD = "gnu++14";
				CLANG_CXX_LIBRARY = "libc++";
				CLANG_ENABLE_MODULES = YES;
				CLANG_ENABLE_OBJC_ARC = YES;
				CLANG_ENABLE_OBJC_WEAK = YES;
				CLANG_WARN_BLOCK_CAPTURE_AUTORELEASING = YES;
				CLANG_WARN_BOOL_CONVERSION = YES;
				CLANG_WARN_COMMA = YES;
				CLANG_WARN_CONSTANT_CONVERSION = YES;
				CLANG_WARN_DEPRECATED_OBJC_IMPLEMENTATIONS = YES;
				CLANG_WARN_DIRECT_OBJC_ISA_USAGE = YES_ERROR;
				CLANG_WARN_DOCUMENTATION_COMMENTS = YES;
				CLANG_WARN_EMPTY_BODY = YES;
				CLANG_WARN_ENUM_CONVERSION = YES;
				CLANG_WARN_INFINITE_RECURSION = YES;
				CLANG_WARN_INT_CONVERSION = YES;
				CLANG_WARN_NON_LITERAL_NULL_CONVERSION = YES;
				CLANG_WARN_OBJC_IMPLICIT_RETAIN_SELF = YES;
				CLANG_WARN_OBJC_LITERAL_CONVERSION = YES;
				CLANG_WARN_OBJC_ROOT_CLASS = YES_ERROR;
				CLANG_WARN_QUOTED_INCLUDE_IN_FRAMEWORK_HEADER = YES;
				CLANG_WARN_RANGE_LOOP_ANALYSIS = YES;
				CLANG_WARN_STRICT_PROTOTYPES = YES;
				CLANG_WARN_SUSPICIOUS_MOVE = YES;
				CLANG_WARN_UNGUARDED_AVAILABILITY = YES_AGGRESSIVE;
				CLANG_WARN_UNREACHABLE_CODE = YES;
				CLANG_WARN__DUPLICATE_METHOD_MATCH = YES;
				COPY_PHASE_STRIP = NO;
				DEBUG_INFORMATION_FORMAT = "dwarf-with-dsym";
				ENABLE_NS_ASSERTIONS = NO;
				ENABLE_STRICT_OBJC_MSGSEND = YES;
				GCC_C_LANGUAGE_STANDARD = gnu11;
				GCC_NO_COMMON_BLOCKS = YES;
				GCC_WARN_64_TO_32_BIT_CONVERSION = YES;
				GCC_WARN_ABOUT_RETURN_TYPE = YES_ERROR;
				GCC_WARN_UNDECLARED_SELECTOR = YES;
				GCC_WARN_UNINITIALIZED_AUTOS = YES_AGGRESSIVE;
				GCC_WARN_UNUSED_FUNCTION = YES;
				GCC_WARN_UNUSED_VARIABLE = YES;
				IPHONEOS_DEPLOYMENT_TARGET = 14.1;
				MTL_ENABLE_DEBUG_INFO = NO;
				MTL_FAST_MATH = YES;
				SDKROOT = iphoneos;
				SWIFT_COMPILATION_MODE = wholemodule;
				SWIFT_OPTIMIZATION_LEVEL = "-O";
				VALIDATE_PRODUCT = YES;
			};
			name = Release;
		};
		21D045C82691F5DC0048685A /* Debug */ = {
			isa = XCBuildConfiguration;
			buildSettings = {
				ASSETCATALOG_COMPILER_APPICON_NAME = AppIcon;
				ASSETCATALOG_COMPILER_GLOBAL_ACCENT_COLOR_NAME = AccentColor;
				CODE_SIGN_STYLE = Automatic;
				DEVELOPMENT_ASSET_PATHS = "\"Statist/Preview Content\"";
				DEVELOPMENT_TEAM = VT69ZW2DRC;
				ENABLE_PREVIEWS = YES;
				INFOPLIST_FILE = Statist/Info.plist;
				IPHONEOS_DEPLOYMENT_TARGET = 14.5;
				LD_RUNPATH_SEARCH_PATHS = (
					"$(inherited)",
					"@executable_path/Frameworks",
				);
				PRODUCT_BUNDLE_IDENTIFIER = com.eraser.Statist;
				PRODUCT_NAME = "$(TARGET_NAME)";
				SWIFT_VERSION = 5.0;
				TARGETED_DEVICE_FAMILY = "1,2";
			};
			name = Debug;
		};
		21D045C92691F5DC0048685A /* Release */ = {
			isa = XCBuildConfiguration;
			buildSettings = {
				ASSETCATALOG_COMPILER_APPICON_NAME = AppIcon;
				ASSETCATALOG_COMPILER_GLOBAL_ACCENT_COLOR_NAME = AccentColor;
				CODE_SIGN_STYLE = Automatic;
				DEVELOPMENT_ASSET_PATHS = "\"Statist/Preview Content\"";
				DEVELOPMENT_TEAM = VT69ZW2DRC;
				ENABLE_PREVIEWS = YES;
				INFOPLIST_FILE = Statist/Info.plist;
				IPHONEOS_DEPLOYMENT_TARGET = 14.5;
				LD_RUNPATH_SEARCH_PATHS = (
					"$(inherited)",
					"@executable_path/Frameworks",
				);
				PRODUCT_BUNDLE_IDENTIFIER = com.eraser.Statist;
				PRODUCT_NAME = "$(TARGET_NAME)";
				SWIFT_VERSION = 5.0;
				TARGETED_DEVICE_FAMILY = "1,2";
			};
			name = Release;
		};
/* End XCBuildConfiguration section */

/* Begin XCConfigurationList section */
		21D045B32691F5D90048685A /* Build configuration list for PBXProject "Statist" */ = {
			isa = XCConfigurationList;
			buildConfigurations = (
				21D045C52691F5DC0048685A /* Debug */,
				21D045C62691F5DC0048685A /* Release */,
			);
			defaultConfigurationIsVisible = 0;
			defaultConfigurationName = Release;
		};
		21D045C72691F5DC0048685A /* Build configuration list for PBXNativeTarget "Statist" */ = {
			isa = XCConfigurationList;
			buildConfigurations = (
				21D045C82691F5DC0048685A /* Debug */,
				21D045C92691F5DC0048685A /* Release */,
			);
			defaultConfigurationIsVisible = 0;
			defaultConfigurationName = Release;
		};
/* End XCConfigurationList section */

/* Begin XCRemoteSwiftPackageReference section */
		218A100D2692B31700579B1E /* XCRemoteSwiftPackageReference "FSCalendar" */ = {
			isa = XCRemoteSwiftPackageReference;
			repositoryURL = "https://github.com/WenchaoD/FSCalendar";
			requirement = {
				kind = upToNextMajorVersion;
				minimumVersion = 2.0.0;
			};
		};
/* End XCRemoteSwiftPackageReference section */

/* Begin XCSwiftPackageProductDependency section */
		218A100E2692B31800579B1E /* FSCalendar */ = {
			isa = XCSwiftPackageProductDependency;
			package = 218A100D2692B31700579B1E /* XCRemoteSwiftPackageReference "FSCalendar" */;
			productName = FSCalendar;
		};
/* End XCSwiftPackageProductDependency section */

/* Begin XCVersionGroup section */
		21D1F5172699B62300E57727 /* UserDataContainer.xcdatamodeld */ = {
			isa = XCVersionGroup;
			children = (
				21D1F5182699B62300E57727 /* UserDataContainer.xcdatamodel */,
			);
			currentVersion = 21D1F5182699B62300E57727 /* UserDataContainer.xcdatamodel */;
			path = UserDataContainer.xcdatamodeld;
			sourceTree = "<group>";
			versionGroupType = wrapper.xcdatamodel;
		};
/* End XCVersionGroup section */
	};
	rootObject = 21D045B02691F5D90048685A /* Project object */;
}
